
Microsoft Visual Studio Solution File, Format Version 12.00
# Visual Studio Version 16
VisualStudioVersion = 16.0.34301.259
MinimumVisualStudioVersion = 10.0.40219.1
Project("{FAE04EC0-301F-11D3-BF4B-00C04F79EFBC}") = "MasterPolApp", "MasterPolApp\MasterPolApp.csproj", "{DE4583A6-62ED-4DDD-AFB0-CC391C3E8E0E}"
EndProject
Global
	GlobalSection(SolutionConfigurationPlatforms) = preSolution
		Debug|Any CPU = Debug|Any CPU
		Release|Any CPU = Release|Any CPU
	EndGlobalSection
	GlobalSection(ProjectConfigurationPlatforms) = postSolution
		{DE4583A6-62ED-4DDD-AFB0-CC391C3E8E0E}.Debug|Any CPU.ActiveCfg = Debug|Any CPU
		{DE4583A6-62ED-4DDD-AFB0-CC391C3E8E0E}.Debug|Any CPU.Build.0 = Debug|Any CPU
		{DE4583A6-62ED-4DDD-AFB0-CC391C3E8E0E}.Release|Any CPU.ActiveCfg = Release|Any CPU
		{DE4583A6-62ED-4DDD-AFB0-CC391C3E8E0E}.Release|Any CPU.Build.0 = Release|Any CPU
	EndGlobalSection
	GlobalSection(SolutionProperties) = preSolution
		HideSolutionNode = FALSE
	EndGlobalSection
	GlobalSection(ExtensibilityGlobals) = postSolution
		SolutionGuid = {2CF883D6-9F10-4ED2-A6FA-0A969EAC0AEB}
	EndGlobalSection
EndGlobal
